
Microsoft Visual Studio Solution File, Format Version 12.00
# Visual Studio Version 17
VisualStudioVersion = 17.3.32819.101
MinimumVisualStudioVersion = 10.0.40219.1
Project("{FAE04EC0-301F-11D3-BF4B-00C04F79EFBC}") = "Tooded_DB", "Tooded_DB\Tooded_DB.csproj", "{BBFF371F-DEDB-4AC0-8DE6-206FC5E68A22}"
EndProject
Global
	GlobalSection(SolutionConfigurationPlatforms) = preSolution
		Debug|Any CPU = Debug|Any CPU
		Release|Any CPU = Release|Any CPU
	EndGlobalSection
	GlobalSection(ProjectConfigurationPlatforms) = postSolution
		{BBFF371F-DEDB-4AC0-8DE6-206FC5E68A22}.Debug|Any CPU.ActiveCfg = Debug|Any CPU
		{BBFF371F-DEDB-4AC0-8DE6-206FC5E68A22}.Debug|Any CPU.Build.0 = Debug|Any CPU
		{BBFF371F-DEDB-4AC0-8DE6-206FC5E68A22}.Release|Any CPU.ActiveCfg = Release|Any CPU
		{BBFF371F-DEDB-4AC0-8DE6-206FC5E68A22}.Release|Any CPU.Build.0 = Release|Any CPU
	EndGlobalSection
	GlobalSection(SolutionProperties) = preSolution
		HideSolutionNode = FALSE
	EndGlobalSection
	GlobalSection(ExtensibilityGlobals) = postSolution
		SolutionGuid = {3219DDB1-45A3-4E6F-9C7B-F84268B1867F}
	EndGlobalSection
EndGlobal
